
Microsoft Visual Studio Solution File, Format Version 12.00
# Visual Studio Version 17
VisualStudioVersion = 17.7.34003.232
MinimumVisualStudioVersion = 10.0.40219.1
Project("{FAE04EC0-301F-11D3-BF4B-00C04F79EFBC}") = "01_Canvas", "01_Canvas\01_Canvas.csproj", "{CECE18F7-D7AA-4585-9380-26E6FB94F3E5}"
EndProject
Global
	GlobalSection(SolutionConfigurationPlatforms) = preSolution
		Debug|Any CPU = Debug|Any CPU
		Release|Any CPU = Release|Any CPU
	EndGlobalSection
	GlobalSection(ProjectConfigurationPlatforms) = postSolution
		{CECE18F7-D7AA-4585-9380-26E6FB94F3E5}.Debug|Any CPU.ActiveCfg = Debug|Any CPU
		{CECE18F7-D7AA-4585-9380-26E6FB94F3E5}.Debug|Any CPU.Build.0 = Debug|Any CPU
		{CECE18F7-D7AA-4585-9380-26E6FB94F3E5}.Release|Any CPU.ActiveCfg = Release|Any CPU
		{CECE18F7-D7AA-4585-9380-26E6FB94F3E5}.Release|Any CPU.Build.0 = Release|Any CPU
	EndGlobalSection
	GlobalSection(SolutionProperties) = preSolution
		HideSolutionNode = FALSE
	EndGlobalSection
	GlobalSection(ExtensibilityGlobals) = postSolution
		SolutionGuid = {7BD12D5D-7FCF-48FF-B8EF-83BDB21F50F9}
	EndGlobalSection
EndGlobal
