
Microsoft Visual Studio Solution File, Format Version 12.00
# Visual Studio Version 17
VisualStudioVersion = 17.8.34205.153
MinimumVisualStudioVersion = 10.0.40219.1
Project("{9A19103F-16F7-4668-BE54-9A1E7A4F7556}") = "Trading.Domain", "Trading.Domain\Trading.Domain.csproj", "{D52125D9-5A71-449E-86FD-2A78828CC650}"
EndProject
Project("{9A19103F-16F7-4668-BE54-9A1E7A4F7556}") = "Trading.EntityFramework", "Trading.EntityFramework\Trading.EntityFramework.csproj", "{08FD9B11-292E-4071-9761-D1C89F348A8E}"
EndProject
Project("{9A19103F-16F7-4668-BE54-9A1E7A4F7556}") = "Trading.WPF", "Trading.WPF\Trading.WPF.csproj", "{9560B473-C590-4CE5-9ECD-1A5867CCDA3C}"
EndProject
Project("{9A19103F-16F7-4668-BE54-9A1E7A4F7556}") = "Trading.FinancialModelingPrepAPI", "Trading.FinancialModelingPrepAPI\Trading.FinancialModelingPrepAPI.csproj", "{8C06D017-2168-4882-943F-646DFCAE8D36}"
EndProject
Project("{9A19103F-16F7-4668-BE54-9A1E7A4F7556}") = "Test_MOEX_API", "Test_MOEX_API\Test_MOEX_API.csproj", "{F5E6E11E-BA87-424E-A232-CA2896E58B1D}"
EndProject
Project("{FAE04EC0-301F-11D3-BF4B-00C04F79EFBC}") = "Trading.Domain.Tests", "Trading.Domain.Tests\Trading.Domain.Tests.csproj", "{53634FA3-8706-4463-8813-F66DB98C10A2}"
EndProject
Global
	GlobalSection(SolutionConfigurationPlatforms) = preSolution
		Debug|Any CPU = Debug|Any CPU
		Release|Any CPU = Release|Any CPU
	EndGlobalSection
	GlobalSection(ProjectConfigurationPlatforms) = postSolution
		{D52125D9-5A71-449E-86FD-2A78828CC650}.Debug|Any CPU.ActiveCfg = Debug|Any CPU
		{D52125D9-5A71-449E-86FD-2A78828CC650}.Debug|Any CPU.Build.0 = Debug|Any CPU
		{D52125D9-5A71-449E-86FD-2A78828CC650}.Release|Any CPU.ActiveCfg = Release|Any CPU
		{D52125D9-5A71-449E-86FD-2A78828CC650}.Release|Any CPU.Build.0 = Release|Any CPU
		{08FD9B11-292E-4071-9761-D1C89F348A8E}.Debug|Any CPU.ActiveCfg = Debug|Any CPU
		{08FD9B11-292E-4071-9761-D1C89F348A8E}.Debug|Any CPU.Build.0 = Debug|Any CPU
		{08FD9B11-292E-4071-9761-D1C89F348A8E}.Release|Any CPU.ActiveCfg = Release|Any CPU
		{08FD9B11-292E-4071-9761-D1C89F348A8E}.Release|Any CPU.Build.0 = Release|Any CPU
		{9560B473-C590-4CE5-9ECD-1A5867CCDA3C}.Debug|Any CPU.ActiveCfg = Debug|Any CPU
		{9560B473-C590-4CE5-9ECD-1A5867CCDA3C}.Debug|Any CPU.Build.0 = Debug|Any CPU
		{9560B473-C590-4CE5-9ECD-1A5867CCDA3C}.Release|Any CPU.ActiveCfg = Release|Any CPU
		{9560B473-C590-4CE5-9ECD-1A5867CCDA3C}.Release|Any CPU.Build.0 = Release|Any CPU
		{8C06D017-2168-4882-943F-646DFCAE8D36}.Debug|Any CPU.ActiveCfg = Debug|Any CPU
		{8C06D017-2168-4882-943F-646DFCAE8D36}.Debug|Any CPU.Build.0 = Debug|Any CPU
		{8C06D017-2168-4882-943F-646DFCAE8D36}.Release|Any CPU.ActiveCfg = Release|Any CPU
		{8C06D017-2168-4882-943F-646DFCAE8D36}.Release|Any CPU.Build.0 = Release|Any CPU
		{F5E6E11E-BA87-424E-A232-CA2896E58B1D}.Debug|Any CPU.ActiveCfg = Debug|Any CPU
		{F5E6E11E-BA87-424E-A232-CA2896E58B1D}.Debug|Any CPU.Build.0 = Debug|Any CPU
		{F5E6E11E-BA87-424E-A232-CA2896E58B1D}.Release|Any CPU.ActiveCfg = Release|Any CPU
		{F5E6E11E-BA87-424E-A232-CA2896E58B1D}.Release|Any CPU.Build.0 = Release|Any CPU
		{53634FA3-8706-4463-8813-F66DB98C10A2}.Debug|Any CPU.ActiveCfg = Debug|Any CPU
		{53634FA3-8706-4463-8813-F66DB98C10A2}.Debug|Any CPU.Build.0 = Debug|Any CPU
		{53634FA3-8706-4463-8813-F66DB98C10A2}.Release|Any CPU.ActiveCfg = Release|Any CPU
		{53634FA3-8706-4463-8813-F66DB98C10A2}.Release|Any CPU.Build.0 = Release|Any CPU
	EndGlobalSection
	GlobalSection(SolutionProperties) = preSolution
		HideSolutionNode = FALSE
	EndGlobalSection
	GlobalSection(ExtensibilityGlobals) = postSolution
		SolutionGuid = {2C127447-EF94-456F-8888-12260AE0E352}
	EndGlobalSection
EndGlobal
