
Microsoft Visual Studio Solution File, Format Version 12.00
# Visual Studio Version 17
VisualStudioVersion = 17.8.34205.153
MinimumVisualStudioVersion = 10.0.40219.1
Project("{FAE04EC0-301F-11D3-BF4B-00C04F79EFBC}") = "Trading.Domain", "Trading.Domain\Trading.Domain.csproj", "{D52125D9-5A71-449E-86FD-2A78828CC650}"
EndProject
Project("{FAE04EC0-301F-11D3-BF4B-00C04F79EFBC}") = "Trading.EntityFramework", "Trading.EntityFramework\Trading.EntityFramework.csproj", "{08FD9B11-292E-4071-9761-D1C89F348A8E}"
EndProject
Global
	GlobalSection(SolutionConfigurationPlatforms) = preSolution
		Debug|Any CPU = Debug|Any CPU
		Release|Any CPU = Release|Any CPU
	EndGlobalSection
	GlobalSection(ProjectConfigurationPlatforms) = postSolution
		{D52125D9-5A71-449E-86FD-2A78828CC650}.Debug|Any CPU.ActiveCfg = Debug|Any CPU
		{D52125D9-5A71-449E-86FD-2A78828CC650}.Debug|Any CPU.Build.0 = Debug|Any CPU
		{D52125D9-5A71-449E-86FD-2A78828CC650}.Release|Any CPU.ActiveCfg = Release|Any CPU
		{D52125D9-5A71-449E-86FD-2A78828CC650}.Release|Any CPU.Build.0 = Release|Any CPU
		{08FD9B11-292E-4071-9761-D1C89F348A8E}.Debug|Any CPU.ActiveCfg = Debug|Any CPU
		{08FD9B11-292E-4071-9761-D1C89F348A8E}.Debug|Any CPU.Build.0 = Debug|Any CPU
		{08FD9B11-292E-4071-9761-D1C89F348A8E}.Release|Any CPU.ActiveCfg = Release|Any CPU
		{08FD9B11-292E-4071-9761-D1C89F348A8E}.Release|Any CPU.Build.0 = Release|Any CPU
	EndGlobalSection
	GlobalSection(SolutionProperties) = preSolution
		HideSolutionNode = FALSE
	EndGlobalSection
	GlobalSection(ExtensibilityGlobals) = postSolution
		SolutionGuid = {2C127447-EF94-456F-8888-12260AE0E352}
	EndGlobalSection
EndGlobal
