
Microsoft Visual Studio Solution File, Format Version 12.00
# Visual Studio Version 17
VisualStudioVersion = 17.8.34112.27
MinimumVisualStudioVersion = 10.0.40219.1
Project("{9A19103F-16F7-4668-BE54-9A1E7A4F7556}") = "TaskManager.API", "TaskManager.API\TaskManager.API.csproj", "{DE670BBB-5CD1-4630-B221-3F545F33CCC4}"
EndProject
Project("{9A19103F-16F7-4668-BE54-9A1E7A4F7556}") = "TaskManager.Common.Models", "TaskManager.Common.Models\TaskManager.Common.Models.csproj", "{841C148F-0408-486C-9D2B-8F3791A1FD4D}"
EndProject
Project("{FAE04EC0-301F-11D3-BF4B-00C04F79EFBC}") = "TaskManager.Client", "TaskManager.Client\TaskManager.Client.csproj", "{94120518-986B-4073-A932-434AFFA55F62}"
EndProject
Project("{FAE04EC0-301F-11D3-BF4B-00C04F79EFBC}") = "TaskManager.ClientTests", "TaskManager.ClientTests\TaskManager.ClientTests.csproj", "{5F403672-ECF4-4072-8157-5F655EA310E2}"
EndProject
Global
	GlobalSection(SolutionConfigurationPlatforms) = preSolution
		Debug|Any CPU = Debug|Any CPU
		Release|Any CPU = Release|Any CPU
	EndGlobalSection
	GlobalSection(ProjectConfigurationPlatforms) = postSolution
		{DE670BBB-5CD1-4630-B221-3F545F33CCC4}.Debug|Any CPU.ActiveCfg = Debug|Any CPU
		{DE670BBB-5CD1-4630-B221-3F545F33CCC4}.Debug|Any CPU.Build.0 = Debug|Any CPU
		{DE670BBB-5CD1-4630-B221-3F545F33CCC4}.Release|Any CPU.ActiveCfg = Release|Any CPU
		{DE670BBB-5CD1-4630-B221-3F545F33CCC4}.Release|Any CPU.Build.0 = Release|Any CPU
		{841C148F-0408-486C-9D2B-8F3791A1FD4D}.Debug|Any CPU.ActiveCfg = Debug|Any CPU
		{841C148F-0408-486C-9D2B-8F3791A1FD4D}.Debug|Any CPU.Build.0 = Debug|Any CPU
		{841C148F-0408-486C-9D2B-8F3791A1FD4D}.Release|Any CPU.ActiveCfg = Release|Any CPU
		{841C148F-0408-486C-9D2B-8F3791A1FD4D}.Release|Any CPU.Build.0 = Release|Any CPU
		{94120518-986B-4073-A932-434AFFA55F62}.Debug|Any CPU.ActiveCfg = Debug|Any CPU
		{94120518-986B-4073-A932-434AFFA55F62}.Debug|Any CPU.Build.0 = Debug|Any CPU
		{94120518-986B-4073-A932-434AFFA55F62}.Release|Any CPU.ActiveCfg = Release|Any CPU
		{94120518-986B-4073-A932-434AFFA55F62}.Release|Any CPU.Build.0 = Release|Any CPU
		{5F403672-ECF4-4072-8157-5F655EA310E2}.Debug|Any CPU.ActiveCfg = Debug|Any CPU
		{5F403672-ECF4-4072-8157-5F655EA310E2}.Debug|Any CPU.Build.0 = Debug|Any CPU
		{5F403672-ECF4-4072-8157-5F655EA310E2}.Release|Any CPU.ActiveCfg = Release|Any CPU
		{5F403672-ECF4-4072-8157-5F655EA310E2}.Release|Any CPU.Build.0 = Release|Any CPU
	EndGlobalSection
	GlobalSection(SolutionProperties) = preSolution
		HideSolutionNode = FALSE
	EndGlobalSection
	GlobalSection(ExtensibilityGlobals) = postSolution
		SolutionGuid = {5DD9D04A-4CAC-4A8B-9E87-B037E6D9CD2B}
	EndGlobalSection
EndGlobal
