
Microsoft Visual Studio Solution File, Format Version 12.00
# Visual Studio Version 17
VisualStudioVersion = 17.8.34112.27
MinimumVisualStudioVersion = 10.0.40219.1
Project("{FAE04EC0-301F-11D3-BF4B-00C04F79EFBC}") = "ScreenSaver", "ScreenSaver\ScreenSaver.csproj", "{81645990-8C61-44E2-A8DA-0E9E3946C44A}"
EndProject
Global
	GlobalSection(SolutionConfigurationPlatforms) = preSolution
		Debug|Any CPU = Debug|Any CPU
		Release|Any CPU = Release|Any CPU
	EndGlobalSection
	GlobalSection(ProjectConfigurationPlatforms) = postSolution
		{81645990-8C61-44E2-A8DA-0E9E3946C44A}.Debug|Any CPU.ActiveCfg = Debug|Any CPU
		{81645990-8C61-44E2-A8DA-0E9E3946C44A}.Debug|Any CPU.Build.0 = Debug|Any CPU
		{81645990-8C61-44E2-A8DA-0E9E3946C44A}.Release|Any CPU.ActiveCfg = Release|Any CPU
		{81645990-8C61-44E2-A8DA-0E9E3946C44A}.Release|Any CPU.Build.0 = Release|Any CPU
	EndGlobalSection
	GlobalSection(SolutionProperties) = preSolution
		HideSolutionNode = FALSE
	EndGlobalSection
	GlobalSection(ExtensibilityGlobals) = postSolution
		SolutionGuid = {D95835C9-1965-4737-891C-0116ECDEF6C9}
	EndGlobalSection
EndGlobal
