
Microsoft Visual Studio Solution File, Format Version 12.00
# Visual Studio Version 17
VisualStudioVersion = 17.8.34205.153
MinimumVisualStudioVersion = 10.0.40219.1
Project("{FAE04EC0-301F-11D3-BF4B-00C04F79EFBC}") = "HotelReservation", "HotelReservation\HotelReservation.csproj", "{F2875A5F-2592-4653-836F-B60B696AC357}"
EndProject
Global
	GlobalSection(SolutionConfigurationPlatforms) = preSolution
		Debug|Any CPU = Debug|Any CPU
		Release|Any CPU = Release|Any CPU
	EndGlobalSection
	GlobalSection(ProjectConfigurationPlatforms) = postSolution
		{F2875A5F-2592-4653-836F-B60B696AC357}.Debug|Any CPU.ActiveCfg = Debug|Any CPU
		{F2875A5F-2592-4653-836F-B60B696AC357}.Debug|Any CPU.Build.0 = Debug|Any CPU
		{F2875A5F-2592-4653-836F-B60B696AC357}.Release|Any CPU.ActiveCfg = Release|Any CPU
		{F2875A5F-2592-4653-836F-B60B696AC357}.Release|Any CPU.Build.0 = Release|Any CPU
	EndGlobalSection
	GlobalSection(SolutionProperties) = preSolution
		HideSolutionNode = FALSE
	EndGlobalSection
	GlobalSection(ExtensibilityGlobals) = postSolution
		SolutionGuid = {C5023496-4D8A-43EA-AEFC-BB502D0A614D}
	EndGlobalSection
EndGlobal
